
Microsoft Visual Studio Solution File, Format Version 12.00
# Visual Studio Version 17
VisualStudioVersion = 17.3.32929.385
MinimumVisualStudioVersion = 10.0.40219.1
Project("{FAE04EC0-301F-11D3-BF4B-00C04F79EFBC}") = "LoanMVC", "LoanMVC\LoanMVC.csproj", "{AE3E70C8-56A5-4F39-BB37-65700D717445}"
EndProject
Global
	GlobalSection(SolutionConfigurationPlatforms) = preSolution
		Debug|Any CPU = Debug|Any CPU
		Release|Any CPU = Release|Any CPU
	EndGlobalSection
	GlobalSection(ProjectConfigurationPlatforms) = postSolution
		{AE3E70C8-56A5-4F39-BB37-65700D717445}.Debug|Any CPU.ActiveCfg = Debug|Any CPU
		{AE3E70C8-56A5-4F39-BB37-65700D717445}.Debug|Any CPU.Build.0 = Debug|Any CPU
		{AE3E70C8-56A5-4F39-BB37-65700D717445}.Release|Any CPU.ActiveCfg = Release|Any CPU
		{AE3E70C8-56A5-4F39-BB37-65700D717445}.Release|Any CPU.Build.0 = Release|Any CPU
	EndGlobalSection
	GlobalSection(SolutionProperties) = preSolution
		HideSolutionNode = FALSE
	EndGlobalSection
	GlobalSection(ExtensibilityGlobals) = postSolution
		SolutionGuid = {3338A75F-EA24-45DB-8706-297156C931A8}
	EndGlobalSection
EndGlobal
